
Microsoft Visual Studio Solution File, Format Version 12.00
# Visual Studio Version 16
VisualStudioVersion = 16.0.31605.320
MinimumVisualStudioVersion = 10.0.40219.1
Project("{9A19103F-16F7-4668-BE54-9A1E7A4F7556}") = "Client", "Client\Client.csproj", "{C2961B2F-5AF2-4B57-900D-4425BCCFD465}"
EndProject
Project("{9A19103F-16F7-4668-BE54-9A1E7A4F7556}") = "Server", "Server\Server.csproj", "{CE8FB00B-C5FD-4826-86C0-2C581DB493F2}"
EndProject
Project("{FAE04EC0-301F-11D3-BF4B-00C04F79EFBC}") = "Common", "Common\Common.csproj", "{99750C08-6A6A-4D9C-87A8-A29C3BE31540}"
EndProject
Global
	GlobalSection(SolutionConfigurationPlatforms) = preSolution
		Debug|Any CPU = Debug|Any CPU
		Release|Any CPU = Release|Any CPU
	EndGlobalSection
	GlobalSection(ProjectConfigurationPlatforms) = postSolution
		{C2961B2F-5AF2-4B57-900D-4425BCCFD465}.Debug|Any CPU.ActiveCfg = Debug|Any CPU
		{C2961B2F-5AF2-4B57-900D-4425BCCFD465}.Debug|Any CPU.Build.0 = Debug|Any CPU
		{C2961B2F-5AF2-4B57-900D-4425BCCFD465}.Release|Any CPU.ActiveCfg = Release|Any CPU
		{C2961B2F-5AF2-4B57-900D-4425BCCFD465}.Release|Any CPU.Build.0 = Release|Any CPU
		{CE8FB00B-C5FD-4826-86C0-2C581DB493F2}.Debug|Any CPU.ActiveCfg = Debug|Any CPU
		{CE8FB00B-C5FD-4826-86C0-2C581DB493F2}.Debug|Any CPU.Build.0 = Debug|Any CPU
		{CE8FB00B-C5FD-4826-86C0-2C581DB493F2}.Release|Any CPU.ActiveCfg = Release|Any CPU
		{CE8FB00B-C5FD-4826-86C0-2C581DB493F2}.Release|Any CPU.Build.0 = Release|Any CPU
		{99750C08-6A6A-4D9C-87A8-A29C3BE31540}.Debug|Any CPU.ActiveCfg = Debug|Any CPU
		{99750C08-6A6A-4D9C-87A8-A29C3BE31540}.Debug|Any CPU.Build.0 = Debug|Any CPU
		{99750C08-6A6A-4D9C-87A8-A29C3BE31540}.Release|Any CPU.ActiveCfg = Release|Any CPU
		{99750C08-6A6A-4D9C-87A8-A29C3BE31540}.Release|Any CPU.Build.0 = Release|Any CPU
	EndGlobalSection
	GlobalSection(SolutionProperties) = preSolution
		HideSolutionNode = FALSE
	EndGlobalSection
	GlobalSection(ExtensibilityGlobals) = postSolution
		SolutionGuid = {34D4F17A-8623-49F0-A7C1-66871E15143C}
	EndGlobalSection
EndGlobal
